// !$*UTF8*$!
{
	archiveVersion = 1;
	classes = {
	};
	objectVersion = 56;
	objects = {

/* Begin PBXBuildFile section */
		C103BCF02C05A65A00F1F5D7 /* DashboardContract.swift in Sources */ = {isa = PBXBuildFile; fileRef = C103BCEF2C05A65A00F1F5D7 /* DashboardContract.swift */; };
		C103BCF42C05AA7C00F1F5D7 /* DashboardPresenter.swift in Sources */ = {isa = PBXBuildFile; fileRef = C103BCF32C05AA7C00F1F5D7 /* DashboardPresenter.swift */; };
		C103BCF62C05AA9200F1F5D7 /* DashboardInteractor.swift in Sources */ = {isa = PBXBuildFile; fileRef = C103BCF52C05AA9200F1F5D7 /* DashboardInteractor.swift */; };
		C103BCF82C05AAB000F1F5D7 /* DashboardRouter.swift in Sources */ = {isa = PBXBuildFile; fileRef = C103BCF72C05AAB000F1F5D7 /* DashboardRouter.swift */; };
		C103BCFB2C05AE0800F1F5D7 /* DashboardViewController.swift in Sources */ = {isa = PBXBuildFile; fileRef = C103BCF92C05AE0800F1F5D7 /* DashboardViewController.swift */; };
		C103BCFC2C05AE0800F1F5D7 /* DashboardViewController.xib in Resources */ = {isa = PBXBuildFile; fileRef = C103BCFA2C05AE0800F1F5D7 /* DashboardViewController.xib */; };
		C103BCFF2C05B77900F1F5D7 /* Date+Formatting.swift in Sources */ = {isa = PBXBuildFile; fileRef = C103BCFE2C05B77900F1F5D7 /* Date+Formatting.swift */; };
		C199CEB12BFDCAAD00A4F491 /* AppDelegate.swift in Sources */ = {isa = PBXBuildFile; fileRef = C199CEB02BFDCAAD00A4F491 /* AppDelegate.swift */; };
		C199CEB32BFDCAAD00A4F491 /* SceneDelegate.swift in Sources */ = {isa = PBXBuildFile; fileRef = C199CEB22BFDCAAD00A4F491 /* SceneDelegate.swift */; };
		C199CEBA2BFDCAAF00A4F491 /* Assets.xcassets in Resources */ = {isa = PBXBuildFile; fileRef = C199CEB92BFDCAAF00A4F491 /* Assets.xcassets */; };
		C199CEBD2BFDCAAF00A4F491 /* LaunchScreen.storyboard in Resources */ = {isa = PBXBuildFile; fileRef = C199CEBB2BFDCAAF00A4F491 /* LaunchScreen.storyboard */; };
		C19C57BB2BFDCF8700A76B80 /* AuthModuleContract.swift in Sources */ = {isa = PBXBuildFile; fileRef = C19C57B62BFDCF8700A76B80 /* AuthModuleContract.swift */; };
		C19C57BC2BFDCF8700A76B80 /* AuthModulePresenter.swift in Sources */ = {isa = PBXBuildFile; fileRef = C19C57B72BFDCF8700A76B80 /* AuthModulePresenter.swift */; };
		C19C57BD2BFDCF8700A76B80 /* AuthModuleRouter.swift in Sources */ = {isa = PBXBuildFile; fileRef = C19C57B82BFDCF8700A76B80 /* AuthModuleRouter.swift */; };
		C19C57BF2BFDCF8700A76B80 /* AuthModuleInteractor.swift in Sources */ = {isa = PBXBuildFile; fileRef = C19C57BA2BFDCF8700A76B80 /* AuthModuleInteractor.swift */; };
		C19C57C92BFDEF8200A76B80 /* AuthViewController.swift in Sources */ = {isa = PBXBuildFile; fileRef = C19C57C72BFDEF8200A76B80 /* AuthViewController.swift */; };
		C19C57CA2BFDEF8200A76B80 /* AuthViewController.xib in Resources */ = {isa = PBXBuildFile; fileRef = C19C57C82BFDEF8200A76B80 /* AuthViewController.xib */; };
		C19C57CD2BFDF02200A76B80 /* UserModel.swift in Sources */ = {isa = PBXBuildFile; fileRef = C19C57CC2BFDF02200A76B80 /* UserModel.swift */; };
		C19C57D02BFDF8DB00A76B80 /* NetworkManager.swift in Sources */ = {isa = PBXBuildFile; fileRef = C19C57CF2BFDF8DB00A76B80 /* NetworkManager.swift */; };
		C19C57D22BFDFA5300A76B80 /* NetworkService.swift in Sources */ = {isa = PBXBuildFile; fileRef = C19C57D12BFDFA5300A76B80 /* NetworkService.swift */; };
		C19C57D42BFDFC9B00A76B80 /* AuthService.swift in Sources */ = {isa = PBXBuildFile; fileRef = C19C57D32BFDFC9B00A76B80 /* AuthService.swift */; };
		C1C10A1E2C05E5EB00A1E982 /* AlertPresenter.swift in Sources */ = {isa = PBXBuildFile; fileRef = C1C10A1D2C05E5EB00A1E982 /* AlertPresenter.swift */; };
		C1DA91092C0EC3810027154F /* DashCardView.xib in Resources */ = {isa = PBXBuildFile; fileRef = C1DA91082C0EC3810027154F /* DashCardView.xib */; };
		C1DA910B2C0EC3A60027154F /* DashCardView.swift in Sources */ = {isa = PBXBuildFile; fileRef = C1DA910A2C0EC3A60027154F /* DashCardView.swift */; };
		C1DA910D2C0EC9550027154F /* FixedSizeBarButtonItem.swift in Sources */ = {isa = PBXBuildFile; fileRef = C1DA910C2C0EC9550027154F /* FixedSizeBarButtonItem.swift */; };
		C1E20A2A2C07361200D45957 /* StoageManager.swift in Sources */ = {isa = PBXBuildFile; fileRef = C1E20A292C07361200D45957 /* StoageManager.swift */; };
		F48E6E481B1720D17981E00A /* Pods_EDCR_Supervisor.framework in Frameworks */ = {isa = PBXBuildFile; fileRef = 5DEB85F8A34FB651D8E63F28 /* Pods_EDCR_Supervisor.framework */; };
/* End PBXBuildFile section */

/* Begin PBXFileReference section */
		406CCC0A995413FEB57E2B43 /* Pods-EDCR Supervisor.release.xcconfig */ = {isa = PBXFileReference; includeInIndex = 1; lastKnownFileType = text.xcconfig; name = "Pods-EDCR Supervisor.release.xcconfig"; path = "Target Support Files/Pods-EDCR Supervisor/Pods-EDCR Supervisor.release.xcconfig"; sourceTree = "<group>"; };
		5DEB85F8A34FB651D8E63F28 /* Pods_EDCR_Supervisor.framework */ = {isa = PBXFileReference; explicitFileType = wrapper.framework; includeInIndex = 0; path = Pods_EDCR_Supervisor.framework; sourceTree = BUILT_PRODUCTS_DIR; };
		7AA06F9B7A5B7C62B9030DFC /* Pods-EDCR Supervisor.debug.xcconfig */ = {isa = PBXFileReference; includeInIndex = 1; lastKnownFileType = text.xcconfig; name = "Pods-EDCR Supervisor.debug.xcconfig"; path = "Target Support Files/Pods-EDCR Supervisor/Pods-EDCR Supervisor.debug.xcconfig"; sourceTree = "<group>"; };
		C103BCEF2C05A65A00F1F5D7 /* DashboardContract.swift */ = {isa = PBXFileReference; lastKnownFileType = sourcecode.swift; path = DashboardContract.swift; sourceTree = "<group>"; };
		C103BCF32C05AA7C00F1F5D7 /* DashboardPresenter.swift */ = {isa = PBXFileReference; lastKnownFileType = sourcecode.swift; path = DashboardPresenter.swift; sourceTree = "<group>"; };
		C103BCF52C05AA9200F1F5D7 /* DashboardInteractor.swift */ = {isa = PBXFileReference; lastKnownFileType = sourcecode.swift; path = DashboardInteractor.swift; sourceTree = "<group>"; };
		C103BCF72C05AAB000F1F5D7 /* DashboardRouter.swift */ = {isa = PBXFileReference; lastKnownFileType = sourcecode.swift; path = DashboardRouter.swift; sourceTree = "<group>"; };
		C103BCF92C05AE0800F1F5D7 /* DashboardViewController.swift */ = {isa = PBXFileReference; lastKnownFileType = sourcecode.swift; path = DashboardViewController.swift; sourceTree = "<group>"; };
		C103BCFA2C05AE0800F1F5D7 /* DashboardViewController.xib */ = {isa = PBXFileReference; lastKnownFileType = file.xib; path = DashboardViewController.xib; sourceTree = "<group>"; };
		C103BCFE2C05B77900F1F5D7 /* Date+Formatting.swift */ = {isa = PBXFileReference; lastKnownFileType = sourcecode.swift; path = "Date+Formatting.swift"; sourceTree = "<group>"; };
		C199CEAD2BFDCAAD00A4F491 /* EDCR Supervisor.app */ = {isa = PBXFileReference; explicitFileType = wrapper.application; includeInIndex = 0; path = "EDCR Supervisor.app"; sourceTree = BUILT_PRODUCTS_DIR; };
		C199CEB02BFDCAAD00A4F491 /* AppDelegate.swift */ = {isa = PBXFileReference; lastKnownFileType = sourcecode.swift; path = AppDelegate.swift; sourceTree = "<group>"; };
		C199CEB22BFDCAAD00A4F491 /* SceneDelegate.swift */ = {isa = PBXFileReference; lastKnownFileType = sourcecode.swift; path = SceneDelegate.swift; sourceTree = "<group>"; };
		C199CEB92BFDCAAF00A4F491 /* Assets.xcassets */ = {isa = PBXFileReference; lastKnownFileType = folder.assetcatalog; path = Assets.xcassets; sourceTree = "<group>"; };
		C199CEBC2BFDCAAF00A4F491 /* Base */ = {isa = PBXFileReference; lastKnownFileType = file.storyboard; name = Base; path = Base.lproj/LaunchScreen.storyboard; sourceTree = "<group>"; };
		C199CEBE2BFDCAAF00A4F491 /* Info.plist */ = {isa = PBXFileReference; lastKnownFileType = text.plist.xml; path = Info.plist; sourceTree = "<group>"; };
		C19C57B62BFDCF8700A76B80 /* AuthModuleContract.swift */ = {isa = PBXFileReference; lastKnownFileType = sourcecode.swift; path = AuthModuleContract.swift; sourceTree = "<group>"; };
		C19C57B72BFDCF8700A76B80 /* AuthModulePresenter.swift */ = {isa = PBXFileReference; lastKnownFileType = sourcecode.swift; path = AuthModulePresenter.swift; sourceTree = "<group>"; };
		C19C57B82BFDCF8700A76B80 /* AuthModuleRouter.swift */ = {isa = PBXFileReference; lastKnownFileType = sourcecode.swift; path = AuthModuleRouter.swift; sourceTree = "<group>"; };
		C19C57BA2BFDCF8700A76B80 /* AuthModuleInteractor.swift */ = {isa = PBXFileReference; lastKnownFileType = sourcecode.swift; path = AuthModuleInteractor.swift; sourceTree = "<group>"; };
		C19C57C72BFDEF8200A76B80 /* AuthViewController.swift */ = {isa = PBXFileReference; lastKnownFileType = sourcecode.swift; path = AuthViewController.swift; sourceTree = "<group>"; };
		C19C57C82BFDEF8200A76B80 /* AuthViewController.xib */ = {isa = PBXFileReference; lastKnownFileType = file.xib; path = AuthViewController.xib; sourceTree = "<group>"; };
		C19C57CC2BFDF02200A76B80 /* UserModel.swift */ = {isa = PBXFileReference; lastKnownFileType = sourcecode.swift; path = UserModel.swift; sourceTree = "<group>"; };
		C19C57CF2BFDF8DB00A76B80 /* NetworkManager.swift */ = {isa = PBXFileReference; lastKnownFileType = sourcecode.swift; path = NetworkManager.swift; sourceTree = "<group>"; };
		C19C57D12BFDFA5300A76B80 /* NetworkService.swift */ = {isa = PBXFileReference; lastKnownFileType = sourcecode.swift; path = NetworkService.swift; sourceTree = "<group>"; };
		C19C57D32BFDFC9B00A76B80 /* AuthService.swift */ = {isa = PBXFileReference; lastKnownFileType = sourcecode.swift; path = AuthService.swift; sourceTree = "<group>"; };
		C1C10A1D2C05E5EB00A1E982 /* AlertPresenter.swift */ = {isa = PBXFileReference; lastKnownFileType = sourcecode.swift; path = AlertPresenter.swift; sourceTree = "<group>"; };
		C1DA91082C0EC3810027154F /* DashCardView.xib */ = {isa = PBXFileReference; lastKnownFileType = file.xib; path = DashCardView.xib; sourceTree = "<group>"; };
		C1DA910A2C0EC3A60027154F /* DashCardView.swift */ = {isa = PBXFileReference; lastKnownFileType = sourcecode.swift; path = DashCardView.swift; sourceTree = "<group>"; };
		C1DA910C2C0EC9550027154F /* FixedSizeBarButtonItem.swift */ = {isa = PBXFileReference; lastKnownFileType = sourcecode.swift; path = FixedSizeBarButtonItem.swift; sourceTree = "<group>"; };
		C1E20A292C07361200D45957 /* StoageManager.swift */ = {isa = PBXFileReference; lastKnownFileType = sourcecode.swift; path = StoageManager.swift; sourceTree = "<group>"; };
/* End PBXFileReference section */

/* Begin PBXFrameworksBuildPhase section */
		C199CEAA2BFDCAAD00A4F491 /* Frameworks */ = {
			isa = PBXFrameworksBuildPhase;
			buildActionMask = 2147483647;
			files = (
				F48E6E481B1720D17981E00A /* Pods_EDCR_Supervisor.framework in Frameworks */,
			);
			runOnlyForDeploymentPostprocessing = 0;
		};
/* End PBXFrameworksBuildPhase section */

/* Begin PBXGroup section */
		0415A5D0CCBA68556F8464A3 /* Pods */ = {
			isa = PBXGroup;
			children = (
				7AA06F9B7A5B7C62B9030DFC /* Pods-EDCR Supervisor.debug.xcconfig */,
				406CCC0A995413FEB57E2B43 /* Pods-EDCR Supervisor.release.xcconfig */,
			);
			path = Pods;
			sourceTree = "<group>";
		};
		5A971C9F0C559CD4C732B28F /* Frameworks */ = {
			isa = PBXGroup;
			children = (
				5DEB85F8A34FB651D8E63F28 /* Pods_EDCR_Supervisor.framework */,
			);
			name = Frameworks;
			sourceTree = "<group>";
		};
		C103BCEE2C05A5F200F1F5D7 /* dashboard */ = {
			isa = PBXGroup;
			children = (
				C103BCF22C05A70700F1F5D7 /* Entity */,
				C103BCF12C05A70100F1F5D7 /* View */,
				C103BCEF2C05A65A00F1F5D7 /* DashboardContract.swift */,
				C103BCF32C05AA7C00F1F5D7 /* DashboardPresenter.swift */,
				C103BCF52C05AA9200F1F5D7 /* DashboardInteractor.swift */,
				C103BCF72C05AAB000F1F5D7 /* DashboardRouter.swift */,
			);
			path = dashboard;
			sourceTree = "<group>";
		};
		C103BCF12C05A70100F1F5D7 /* View */ = {
			isa = PBXGroup;
			children = (
				C103BCF92C05AE0800F1F5D7 /* DashboardViewController.swift */,
				C103BCFA2C05AE0800F1F5D7 /* DashboardViewController.xib */,
			);
			path = View;
			sourceTree = "<group>";
		};
		C103BCF22C05A70700F1F5D7 /* Entity */ = {
			isa = PBXGroup;
			children = (
			);
			path = Entity;
			sourceTree = "<group>";
		};
		C103BCFD2C05B76300F1F5D7 /* app-utils */ = {
			isa = PBXGroup;
			children = (
				C103BCFE2C05B77900F1F5D7 /* Date+Formatting.swift */,
			);
			path = "app-utils";
			sourceTree = "<group>";
		};
		C134FA2F2C02EFC5001D8A69 /* app-configuration */ = {
			isa = PBXGroup;
			children = (
				C199CEB02BFDCAAD00A4F491 /* AppDelegate.swift */,
				C199CEB22BFDCAAD00A4F491 /* SceneDelegate.swift */,
			);
			path = "app-configuration";
			sourceTree = "<group>";
		};
		C17D81F02C0C658A00EF1930 /* ui */ = {
			isa = PBXGroup;
			children = (
				C1DA91072C0EC3460027154F /* cardviews */,
				C1DA910C2C0EC9550027154F /* FixedSizeBarButtonItem.swift */,
			);
			path = ui;
			sourceTree = "<group>";
		};
		C199CEA42BFDCAAD00A4F491 = {
			isa = PBXGroup;
			children = (
				C199CEAF2BFDCAAD00A4F491 /* EDCR Supervisor */,
				C199CEAE2BFDCAAD00A4F491 /* Products */,
				0415A5D0CCBA68556F8464A3 /* Pods */,
				5A971C9F0C559CD4C732B28F /* Frameworks */,
			);
			sourceTree = "<group>";
		};
		C199CEAE2BFDCAAD00A4F491 /* Products */ = {
			isa = PBXGroup;
			children = (
				C199CEAD2BFDCAAD00A4F491 /* EDCR Supervisor.app */,
			);
			name = Products;
			sourceTree = "<group>";
		};
		C199CEAF2BFDCAAD00A4F491 /* EDCR Supervisor */ = {
			isa = PBXGroup;
			children = (
				C103BCFD2C05B76300F1F5D7 /* app-utils */,
				C199CEBE2BFDCAAF00A4F491 /* Info.plist */,
				C1E824482C02F1730043B706 /* app-launch */,
				C134FA2F2C02EFC5001D8A69 /* app-configuration */,
				C19C57CE2BFDF88800A76B80 /* app-network */,
				C19C57C22BFDD01800A76B80 /* app-modules */,
				C19C57C02BFDCFD000A76B80 /* app-icons */,
			);
			path = "EDCR Supervisor";
			sourceTree = "<group>";
		};
		C19C57C02BFDCFD000A76B80 /* app-icons */ = {
			isa = PBXGroup;
			children = (
				C199CEB92BFDCAAF00A4F491 /* Assets.xcassets */,
			);
			path = "app-icons";
			sourceTree = "<group>";
		};
		C19C57C22BFDD01800A76B80 /* app-modules */ = {
			isa = PBXGroup;
			children = (
				C1C10A1B2C05E5C700A1E982 /* common */,
				C103BCEE2C05A5F200F1F5D7 /* dashboard */,
				C19C57C32BFDD02C00A76B80 /* auth */,
			);
			path = "app-modules";
			sourceTree = "<group>";
		};
		C19C57C32BFDD02C00A76B80 /* auth */ = {
			isa = PBXGroup;
			children = (
				C19C57CB2BFDEFFD00A76B80 /* Entity */,
				C19C57C42BFDEEC000A76B80 /* View */,
				C19C57B62BFDCF8700A76B80 /* AuthModuleContract.swift */,
				C19C57B72BFDCF8700A76B80 /* AuthModulePresenter.swift */,
				C19C57B82BFDCF8700A76B80 /* AuthModuleRouter.swift */,
				C19C57BA2BFDCF8700A76B80 /* AuthModuleInteractor.swift */,
				C19C57D32BFDFC9B00A76B80 /* AuthService.swift */,
			);
			path = auth;
			sourceTree = "<group>";
		};
		C19C57C42BFDEEC000A76B80 /* View */ = {
			isa = PBXGroup;
			children = (
				C19C57C72BFDEF8200A76B80 /* AuthViewController.swift */,
				C19C57C82BFDEF8200A76B80 /* AuthViewController.xib */,
			);
			path = View;
			sourceTree = "<group>";
		};
		C19C57CB2BFDEFFD00A76B80 /* Entity */ = {
			isa = PBXGroup;
			children = (
				C19C57CC2BFDF02200A76B80 /* UserModel.swift */,
			);
			path = Entity;
			sourceTree = "<group>";
		};
		C19C57CE2BFDF88800A76B80 /* app-network */ = {
			isa = PBXGroup;
			children = (
				C19C57CF2BFDF8DB00A76B80 /* NetworkManager.swift */,
				C19C57D12BFDFA5300A76B80 /* NetworkService.swift */,
			);
			path = "app-network";
			sourceTree = "<group>";
		};
		C1C10A1B2C05E5C700A1E982 /* common */ = {
			isa = PBXGroup;
			children = (
				C17D81F02C0C658A00EF1930 /* ui */,
				C1E20A282C07351900D45957 /* LocalStoarge */,
				C1C10A1C2C05E5D100A1E982 /* alert */,
			);
			path = common;
			sourceTree = "<group>";
		};
		C1C10A1C2C05E5D100A1E982 /* alert */ = {
			isa = PBXGroup;
			children = (
				C1C10A1D2C05E5EB00A1E982 /* AlertPresenter.swift */,
			);
			path = alert;
			sourceTree = "<group>";
		};
		C1DA91072C0EC3460027154F /* cardviews */ = {
			isa = PBXGroup;
			children = (
				C1DA91082C0EC3810027154F /* DashCardView.xib */,
				C1DA910A2C0EC3A60027154F /* DashCardView.swift */,
			);
			path = cardviews;
			sourceTree = "<group>";
		};
		C1E20A282C07351900D45957 /* LocalStoarge */ = {
			isa = PBXGroup;
			children = (
				C1E20A292C07361200D45957 /* StoageManager.swift */,
			);
			path = LocalStoarge;
			sourceTree = "<group>";
		};
		C1E824482C02F1730043B706 /* app-launch */ = {
			isa = PBXGroup;
			children = (
				C199CEBB2BFDCAAF00A4F491 /* LaunchScreen.storyboard */,
			);
			path = "app-launch";
			sourceTree = "<group>";
		};
/* End PBXGroup section */

/* Begin PBXNativeTarget section */
		C199CEAC2BFDCAAD00A4F491 /* EDCR Supervisor */ = {
			isa = PBXNativeTarget;
			buildConfigurationList = C199CEC12BFDCAAF00A4F491 /* Build configuration list for PBXNativeTarget "EDCR Supervisor" */;
			buildPhases = (
				ACA3B71280FAD26E9AB6AD64 /* [CP] Check Pods Manifest.lock */,
				C199CEA92BFDCAAD00A4F491 /* Sources */,
				C199CEAA2BFDCAAD00A4F491 /* Frameworks */,
				C199CEAB2BFDCAAD00A4F491 /* Resources */,
				AAA7917E65DD9C2680533DB4 /* [CP] Embed Pods Frameworks */,
			);
			buildRules = (
			);
			dependencies = (
			);
			name = "EDCR Supervisor";
			productName = "EDCR Supervisor";
			productReference = C199CEAD2BFDCAAD00A4F491 /* EDCR Supervisor.app */;
			productType = "com.apple.product-type.application";
		};
/* End PBXNativeTarget section */

/* Begin PBXProject section */
		C199CEA52BFDCAAD00A4F491 /* Project object */ = {
			isa = PBXProject;
			attributes = {
				BuildIndependentTargetsInParallel = 1;
				LastSwiftUpdateCheck = 1420;
				LastUpgradeCheck = 1420;
				TargetAttributes = {
					C199CEAC2BFDCAAD00A4F491 = {
						CreatedOnToolsVersion = 14.2;
					};
				};
			};
			buildConfigurationList = C199CEA82BFDCAAD00A4F491 /* Build configuration list for PBXProject "EDCR Supervisor" */;
			compatibilityVersion = "Xcode 14.0";
			developmentRegion = en;
			hasScannedForEncodings = 0;
			knownRegions = (
				en,
				Base,
			);
			mainGroup = C199CEA42BFDCAAD00A4F491;
			productRefGroup = C199CEAE2BFDCAAD00A4F491 /* Products */;
			projectDirPath = "";
			projectRoot = "";
			targets = (
				C199CEAC2BFDCAAD00A4F491 /* EDCR Supervisor */,
			);
		};
/* End PBXProject section */

/* Begin PBXResourcesBuildPhase section */
		C199CEAB2BFDCAAD00A4F491 /* Resources */ = {
			isa = PBXResourcesBuildPhase;
			buildActionMask = 2147483647;
			files = (
				C19C57CA2BFDEF8200A76B80 /* AuthViewController.xib in Resources */,
				C1DA91092C0EC3810027154F /* DashCardView.xib in Resources */,
				C199CEBD2BFDCAAF00A4F491 /* LaunchScreen.storyboard in Resources */,
				C199CEBA2BFDCAAF00A4F491 /* Assets.xcassets in Resources */,
				C103BCFC2C05AE0800F1F5D7 /* DashboardViewController.xib in Resources */,
			);
			runOnlyForDeploymentPostprocessing = 0;
		};
/* End PBXResourcesBuildPhase section */

/* Begin PBXShellScriptBuildPhase section */
		AAA7917E65DD9C2680533DB4 /* [CP] Embed Pods Frameworks */ = {
			isa = PBXShellScriptBuildPhase;
			buildActionMask = 2147483647;
			files = (
			);
			inputFileListPaths = (
				"${PODS_ROOT}/Target Support Files/Pods-EDCR Supervisor/Pods-EDCR Supervisor-frameworks-${CONFIGURATION}-input-files.xcfilelist",
			);
			name = "[CP] Embed Pods Frameworks";
			outputFileListPaths = (
				"${PODS_ROOT}/Target Support Files/Pods-EDCR Supervisor/Pods-EDCR Supervisor-frameworks-${CONFIGURATION}-output-files.xcfilelist",
			);
			runOnlyForDeploymentPostprocessing = 0;
			shellPath = /bin/sh;
			shellScript = "\"${PODS_ROOT}/Target Support Files/Pods-EDCR Supervisor/Pods-EDCR Supervisor-frameworks.sh\"\n";
			showEnvVarsInLog = 0;
		};
		ACA3B71280FAD26E9AB6AD64 /* [CP] Check Pods Manifest.lock */ = {
			isa = PBXShellScriptBuildPhase;
			buildActionMask = 2147483647;
			files = (
			);
			inputFileListPaths = (
			);
			inputPaths = (
				"${PODS_PODFILE_DIR_PATH}/Podfile.lock",
				"${PODS_ROOT}/Manifest.lock",
			);
			name = "[CP] Check Pods Manifest.lock";
			outputFileListPaths = (
			);
			outputPaths = (
				"$(DERIVED_FILE_DIR)/Pods-EDCR Supervisor-checkManifestLockResult.txt",
			);
			runOnlyForDeploymentPostprocessing = 0;
			shellPath = /bin/sh;
			shellScript = "diff \"${PODS_PODFILE_DIR_PATH}/Podfile.lock\" \"${PODS_ROOT}/Manifest.lock\" > /dev/null\nif [ $? != 0 ] ; then\n    # print error to STDERR\n    echo \"error: The sandbox is not in sync with the Podfile.lock. Run 'pod install' or update your CocoaPods installation.\" >&2\n    exit 1\nfi\n# This output is used by Xcode 'outputs' to avoid re-running this script phase.\necho \"SUCCESS\" > \"${SCRIPT_OUTPUT_FILE_0}\"\n";
			showEnvVarsInLog = 0;
		};
/* End PBXShellScriptBuildPhase section */

/* Begin PBXSourcesBuildPhase section */
		C199CEA92BFDCAAD00A4F491 /* Sources */ = {
			isa = PBXSourcesBuildPhase;
			buildActionMask = 2147483647;
			files = (
				C19C57BF2BFDCF8700A76B80 /* AuthModuleInteractor.swift in Sources */,
				C19C57BD2BFDCF8700A76B80 /* AuthModuleRouter.swift in Sources */,
				C1DA910B2C0EC3A60027154F /* DashCardView.swift in Sources */,
				C103BCFF2C05B77900F1F5D7 /* Date+Formatting.swift in Sources */,
				C19C57BC2BFDCF8700A76B80 /* AuthModulePresenter.swift in Sources */,
				C103BCF02C05A65A00F1F5D7 /* DashboardContract.swift in Sources */,
				C19C57D02BFDF8DB00A76B80 /* NetworkManager.swift in Sources */,
				C103BCF62C05AA9200F1F5D7 /* DashboardInteractor.swift in Sources */,
				C19C57BB2BFDCF8700A76B80 /* AuthModuleContract.swift in Sources */,
				C19C57D42BFDFC9B00A76B80 /* AuthService.swift in Sources */,
				C103BCF82C05AAB000F1F5D7 /* DashboardRouter.swift in Sources */,
				C199CEB12BFDCAAD00A4F491 /* AppDelegate.swift in Sources */,
				C199CEB32BFDCAAD00A4F491 /* SceneDelegate.swift in Sources */,
				C19C57C92BFDEF8200A76B80 /* AuthViewController.swift in Sources */,
				C103BCF42C05AA7C00F1F5D7 /* DashboardPresenter.swift in Sources */,
				C1DA910D2C0EC9550027154F /* FixedSizeBarButtonItem.swift in Sources */,
				C1C10A1E2C05E5EB00A1E982 /* AlertPresenter.swift in Sources */,
				C1E20A2A2C07361200D45957 /* StoageManager.swift in Sources */,
				C19C57CD2BFDF02200A76B80 /* UserModel.swift in Sources */,
				C19C57D22BFDFA5300A76B80 /* NetworkService.swift in Sources */,
				C103BCFB2C05AE0800F1F5D7 /* DashboardViewController.swift in Sources */,
			);
			runOnlyForDeploymentPostprocessing = 0;
		};
/* End PBXSourcesBuildPhase section */

/* Begin PBXVariantGroup section */
		C199CEBB2BFDCAAF00A4F491 /* LaunchScreen.storyboard */ = {
			isa = PBXVariantGroup;
			children = (
				C199CEBC2BFDCAAF00A4F491 /* Base */,
			);
			name = LaunchScreen.storyboard;
			sourceTree = "<group>";
		};
/* End PBXVariantGroup section */

/* Begin XCBuildConfiguration section */
		C199CEBF2BFDCAAF00A4F491 /* Debug */ = {
			isa = XCBuildConfiguration;
			buildSettings = {
				ALWAYS_SEARCH_USER_PATHS = NO;
				CLANG_ANALYZER_NONNULL = YES;
				CLANG_ANALYZER_NUMBER_OBJECT_CONVERSION = YES_AGGRESSIVE;
				CLANG_CXX_LANGUAGE_STANDARD = "gnu++20";
				CLANG_ENABLE_MODULES = YES;
				CLANG_ENABLE_OBJC_ARC = YES;
				CLANG_ENABLE_OBJC_WEAK = YES;
				CLANG_WARN_BLOCK_CAPTURE_AUTORELEASING = YES;
				CLANG_WARN_BOOL_CONVERSION = YES;
				CLANG_WARN_COMMA = YES;
				CLANG_WARN_CONSTANT_CONVERSION = YES;
				CLANG_WARN_DEPRECATED_OBJC_IMPLEMENTATIONS = YES;
				CLANG_WARN_DIRECT_OBJC_ISA_USAGE = YES_ERROR;
				CLANG_WARN_DOCUMENTATION_COMMENTS = YES;
				CLANG_WARN_EMPTY_BODY = YES;
				CLANG_WARN_ENUM_CONVERSION = YES;
				CLANG_WARN_INFINITE_RECURSION = YES;
				CLANG_WARN_INT_CONVERSION = YES;
				CLANG_WARN_NON_LITERAL_NULL_CONVERSION = YES;
				CLANG_WARN_OBJC_IMPLICIT_RETAIN_SELF = YES;
				CLANG_WARN_OBJC_LITERAL_CONVERSION = YES;
				CLANG_WARN_OBJC_ROOT_CLASS = YES_ERROR;
				CLANG_WARN_QUOTED_INCLUDE_IN_FRAMEWORK_HEADER = YES;
				CLANG_WARN_RANGE_LOOP_ANALYSIS = YES;
				CLANG_WARN_STRICT_PROTOTYPES = YES;
				CLANG_WARN_SUSPICIOUS_MOVE = YES;
				CLANG_WARN_UNGUARDED_AVAILABILITY = YES_AGGRESSIVE;
				CLANG_WARN_UNREACHABLE_CODE = YES;
				CLANG_WARN__DUPLICATE_METHOD_MATCH = YES;
				COPY_PHASE_STRIP = NO;
				DEBUG_INFORMATION_FORMAT = dwarf;
				ENABLE_STRICT_OBJC_MSGSEND = YES;
				ENABLE_TESTABILITY = YES;
				GCC_C_LANGUAGE_STANDARD = gnu11;
				GCC_DYNAMIC_NO_PIC = NO;
				GCC_NO_COMMON_BLOCKS = YES;
				GCC_OPTIMIZATION_LEVEL = 0;
				GCC_PREPROCESSOR_DEFINITIONS = (
					"DEBUG=1",
					"$(inherited)",
				);
				GCC_WARN_64_TO_32_BIT_CONVERSION = YES;
				GCC_WARN_ABOUT_RETURN_TYPE = YES_ERROR;
				GCC_WARN_UNDECLARED_SELECTOR = YES;
				GCC_WARN_UNINITIALIZED_AUTOS = YES_AGGRESSIVE;
				GCC_WARN_UNUSED_FUNCTION = YES;
				GCC_WARN_UNUSED_VARIABLE = YES;
				IPHONEOS_DEPLOYMENT_TARGET = 16.2;
				MTL_ENABLE_DEBUG_INFO = INCLUDE_SOURCE;
				MTL_FAST_MATH = YES;
				ONLY_ACTIVE_ARCH = YES;
				SDKROOT = iphoneos;
				SWIFT_ACTIVE_COMPILATION_CONDITIONS = DEBUG;
				SWIFT_OPTIMIZATION_LEVEL = "-Onone";
			};
			name = Debug;
		};
		C199CEC02BFDCAAF00A4F491 /* Release */ = {
			isa = XCBuildConfiguration;
			buildSettings = {
				ALWAYS_SEARCH_USER_PATHS = NO;
				CLANG_ANALYZER_NONNULL = YES;
				CLANG_ANALYZER_NUMBER_OBJECT_CONVERSION = YES_AGGRESSIVE;
				CLANG_CXX_LANGUAGE_STANDARD = "gnu++20";
				CLANG_ENABLE_MODULES = YES;
				CLANG_ENABLE_OBJC_ARC = YES;
				CLANG_ENABLE_OBJC_WEAK = YES;
				CLANG_WARN_BLOCK_CAPTURE_AUTORELEASING = YES;
				CLANG_WARN_BOOL_CONVERSION = YES;
				CLANG_WARN_COMMA = YES;
				CLANG_WARN_CONSTANT_CONVERSION = YES;
				CLANG_WARN_DEPRECATED_OBJC_IMPLEMENTATIONS = YES;
				CLANG_WARN_DIRECT_OBJC_ISA_USAGE = YES_ERROR;
				CLANG_WARN_DOCUMENTATION_COMMENTS = YES;
				CLANG_WARN_EMPTY_BODY = YES;
				CLANG_WARN_ENUM_CONVERSION = YES;
				CLANG_WARN_INFINITE_RECURSION = YES;
				CLANG_WARN_INT_CONVERSION = YES;
				CLANG_WARN_NON_LITERAL_NULL_CONVERSION = YES;
				CLANG_WARN_OBJC_IMPLICIT_RETAIN_SELF = YES;
				CLANG_WARN_OBJC_LITERAL_CONVERSION = YES;
				CLANG_WARN_OBJC_ROOT_CLASS = YES_ERROR;
				CLANG_WARN_QUOTED_INCLUDE_IN_FRAMEWORK_HEADER = YES;
				CLANG_WARN_RANGE_LOOP_ANALYSIS = YES;
				CLANG_WARN_STRICT_PROTOTYPES = YES;
				CLANG_WARN_SUSPICIOUS_MOVE = YES;
				CLANG_WARN_UNGUARDED_AVAILABILITY = YES_AGGRESSIVE;
				CLANG_WARN_UNREACHABLE_CODE = YES;
				CLANG_WARN__DUPLICATE_METHOD_MATCH = YES;
				COPY_PHASE_STRIP = NO;
				DEBUG_INFORMATION_FORMAT = "dwarf-with-dsym";
				ENABLE_NS_ASSERTIONS = NO;
				ENABLE_STRICT_OBJC_MSGSEND = YES;
				GCC_C_LANGUAGE_STANDARD = gnu11;
				GCC_NO_COMMON_BLOCKS = YES;
				GCC_WARN_64_TO_32_BIT_CONVERSION = YES;
				GCC_WARN_ABOUT_RETURN_TYPE = YES_ERROR;
				GCC_WARN_UNDECLARED_SELECTOR = YES;
				GCC_WARN_UNINITIALIZED_AUTOS = YES_AGGRESSIVE;
				GCC_WARN_UNUSED_FUNCTION = YES;
				GCC_WARN_UNUSED_VARIABLE = YES;
				IPHONEOS_DEPLOYMENT_TARGET = 16.2;
				MTL_ENABLE_DEBUG_INFO = NO;
				MTL_FAST_MATH = YES;
				SDKROOT = iphoneos;
				SWIFT_COMPILATION_MODE = wholemodule;
				SWIFT_OPTIMIZATION_LEVEL = "-O";
				VALIDATE_PRODUCT = YES;
			};
			name = Release;
		};
		C199CEC22BFDCAAF00A4F491 /* Debug */ = {
			isa = XCBuildConfiguration;
			baseConfigurationReference = 7AA06F9B7A5B7C62B9030DFC /* Pods-EDCR Supervisor.debug.xcconfig */;
			buildSettings = {
				ASSETCATALOG_COMPILER_APPICON_NAME = AppIcon;
				ASSETCATALOG_COMPILER_GLOBAL_ACCENT_COLOR_NAME = AccentColor;
				CODE_SIGN_STYLE = Automatic;
				CURRENT_PROJECT_VERSION = 1;
				DEVELOPMENT_TEAM = 2S72BMJEC5;
				GENERATE_INFOPLIST_FILE = YES;
				INFOPLIST_FILE = "EDCR Supervisor/Info.plist";
				INFOPLIST_KEY_UIApplicationSupportsIndirectInputEvents = YES;
				INFOPLIST_KEY_UILaunchStoryboardName = LaunchScreen;
				INFOPLIST_KEY_UIStatusBarStyle = "";
				INFOPLIST_KEY_UISupportedInterfaceOrientations_iPad = "UIInterfaceOrientationPortrait UIInterfaceOrientationPortraitUpsideDown UIInterfaceOrientationLandscapeLeft UIInterfaceOrientationLandscapeRight";
				INFOPLIST_KEY_UISupportedInterfaceOrientations_iPhone = "UIInterfaceOrientationPortrait UIInterfaceOrientationLandscapeLeft UIInterfaceOrientationLandscapeRight";
				LD_RUNPATH_SEARCH_PATHS = (
					"$(inherited)",
					"@executable_path/Frameworks",
				);
				MARKETING_VERSION = 1.0;
				PRODUCT_BUNDLE_IDENTIFIER = "com.e-home2u.EDCR-Supervisor";
				PRODUCT_NAME = "$(TARGET_NAME)";
				SWIFT_EMIT_LOC_STRINGS = YES;
				SWIFT_VERSION = 5.0;
				TARGETED_DEVICE_FAMILY = "1,2";
			};
			name = Debug;
		};
		C199CEC32BFDCAAF00A4F491 /* Release */ = {
			isa = XCBuildConfiguration;
			baseConfigurationReference = 406CCC0A995413FEB57E2B43 /* Pods-EDCR Supervisor.release.xcconfig */;
			buildSettings = {
				ASSETCATALOG_COMPILER_APPICON_NAME = AppIcon;
				ASSETCATALOG_COMPILER_GLOBAL_ACCENT_COLOR_NAME = AccentColor;
				CODE_SIGN_STYLE = Automatic;
				CURRENT_PROJECT_VERSION = 1;
				DEVELOPMENT_TEAM = 2S72BMJEC5;
				GENERATE_INFOPLIST_FILE = YES;
				INFOPLIST_FILE = "EDCR Supervisor/Info.plist";
				INFOPLIST_KEY_UIApplicationSupportsIndirectInputEvents = YES;
				INFOPLIST_KEY_UILaunchStoryboardName = LaunchScreen;
				INFOPLIST_KEY_UIStatusBarStyle = "";
				INFOPLIST_KEY_UISupportedInterfaceOrientations_iPad = "UIInterfaceOrientationPortrait UIInterfaceOrientationPortraitUpsideDown UIInterfaceOrientationLandscapeLeft UIInterfaceOrientationLandscapeRight";
				INFOPLIST_KEY_UISupportedInterfaceOrientations_iPhone = "UIInterfaceOrientationPortrait UIInterfaceOrientationLandscapeLeft UIInterfaceOrientationLandscapeRight";
				LD_RUNPATH_SEARCH_PATHS = (
					"$(inherited)",
					"@executable_path/Frameworks",
				);
				MARKETING_VERSION = 1.0;
				PRODUCT_BUNDLE_IDENTIFIER = "com.e-home2u.EDCR-Supervisor";
				PRODUCT_NAME = "$(TARGET_NAME)";
				SWIFT_EMIT_LOC_STRINGS = YES;
				SWIFT_VERSION = 5.0;
				TARGETED_DEVICE_FAMILY = "1,2";
			};
			name = Release;
		};
/* End XCBuildConfiguration section */

/* Begin XCConfigurationList section */
		C199CEA82BFDCAAD00A4F491 /* Build configuration list for PBXProject "EDCR Supervisor" */ = {
			isa = XCConfigurationList;
			buildConfigurations = (
				C199CEBF2BFDCAAF00A4F491 /* Debug */,
				C199CEC02BFDCAAF00A4F491 /* Release */,
			);
			defaultConfigurationIsVisible = 0;
			defaultConfigurationName = Release;
		};
		C199CEC12BFDCAAF00A4F491 /* Build configuration list for PBXNativeTarget "EDCR Supervisor" */ = {
			isa = XCConfigurationList;
			buildConfigurations = (
				C199CEC22BFDCAAF00A4F491 /* Debug */,
				C199CEC32BFDCAAF00A4F491 /* Release */,
			);
			defaultConfigurationIsVisible = 0;
			defaultConfigurationName = Release;
		};
/* End XCConfigurationList section */
	};
	rootObject = C199CEA52BFDCAAD00A4F491 /* Project object */;
}
